
Microsoft Visual Studio Solution File, Format Version 12.00
# Visual Studio 15
VisualStudioVersion = 15.0.27004.2009
MinimumVisualStudioVersion = 10.0.40219.1
Project("{FAE04EC0-301F-11D3-BF4B-00C04F79EFBC}") = "Brilliance.WebAPITest", "Brilliance.WebAPITest\Brilliance.WebAPITest.csproj", "{EC7CA9C0-9E06-4103-9D7E-73B013F99B70}"
EndProject
Global
	GlobalSection(SolutionConfigurationPlatforms) = preSolution
		Debug|Any CPU = Debug|Any CPU
		Release|Any CPU = Release|Any CPU
	EndGlobalSection
	GlobalSection(ProjectConfigurationPlatforms) = postSolution
		{EC7CA9C0-9E06-4103-9D7E-73B013F99B70}.Debug|Any CPU.ActiveCfg = Debug|Any CPU
		{EC7CA9C0-9E06-4103-9D7E-73B013F99B70}.Debug|Any CPU.Build.0 = Debug|Any CPU
		{EC7CA9C0-9E06-4103-9D7E-73B013F99B70}.Release|Any CPU.ActiveCfg = Release|Any CPU
		{EC7CA9C0-9E06-4103-9D7E-73B013F99B70}.Release|Any CPU.Build.0 = Release|Any CPU
	EndGlobalSection
	GlobalSection(SolutionProperties) = preSolution
		HideSolutionNode = FALSE
	EndGlobalSection
	GlobalSection(ExtensibilityGlobals) = postSolution
		SolutionGuid = {74359583-083A-45AE-98E1-C136529BC558}
	EndGlobalSection
EndGlobal
